
Microsoft Visual Studio Solution File, Format Version 12.00
# Visual Studio Version 17
VisualStudioVersion = 17.3.32929.385
MinimumVisualStudioVersion = 10.0.40219.1
Project("{FAE04EC0-301F-11D3-BF4B-00C04F79EFBC}") = "ColorBallsTask", "ColorBallsTask.csproj", "{798A1F89-421E-4D24-8DB7-FD030007DCB6}"
EndProject
Project("{FAE04EC0-301F-11D3-BF4B-00C04F79EFBC}") = "RotationMatrixTask", "..\RotationMatrixTask\RotationMatrixTask.csproj", "{A8382984-E562-45CB-8425-ABF4BE6D4463}"
EndProject
Project("{FAE04EC0-301F-11D3-BF4B-00C04F79EFBC}") = "CarRentalTask", "..\CarRentalTask\CarRentalTask.csproj", "{06817C43-5560-4894-9BD7-A45098BC82BC}"
EndProject
Global
	GlobalSection(SolutionConfigurationPlatforms) = preSolution
		Debug|Any CPU = Debug|Any CPU
		Release|Any CPU = Release|Any CPU
	EndGlobalSection
	GlobalSection(ProjectConfigurationPlatforms) = postSolution
		{798A1F89-421E-4D24-8DB7-FD030007DCB6}.Debug|Any CPU.ActiveCfg = Debug|Any CPU
		{798A1F89-421E-4D24-8DB7-FD030007DCB6}.Debug|Any CPU.Build.0 = Debug|Any CPU
		{798A1F89-421E-4D24-8DB7-FD030007DCB6}.Release|Any CPU.ActiveCfg = Release|Any CPU
		{798A1F89-421E-4D24-8DB7-FD030007DCB6}.Release|Any CPU.Build.0 = Release|Any CPU
		{A8382984-E562-45CB-8425-ABF4BE6D4463}.Debug|Any CPU.ActiveCfg = Debug|Any CPU
		{A8382984-E562-45CB-8425-ABF4BE6D4463}.Debug|Any CPU.Build.0 = Debug|Any CPU
		{A8382984-E562-45CB-8425-ABF4BE6D4463}.Release|Any CPU.ActiveCfg = Release|Any CPU
		{A8382984-E562-45CB-8425-ABF4BE6D4463}.Release|Any CPU.Build.0 = Release|Any CPU
		{06817C43-5560-4894-9BD7-A45098BC82BC}.Debug|Any CPU.ActiveCfg = Debug|Any CPU
		{06817C43-5560-4894-9BD7-A45098BC82BC}.Debug|Any CPU.Build.0 = Debug|Any CPU
		{06817C43-5560-4894-9BD7-A45098BC82BC}.Release|Any CPU.ActiveCfg = Release|Any CPU
		{06817C43-5560-4894-9BD7-A45098BC82BC}.Release|Any CPU.Build.0 = Release|Any CPU
	EndGlobalSection
	GlobalSection(SolutionProperties) = preSolution
		HideSolutionNode = FALSE
	EndGlobalSection
	GlobalSection(ExtensibilityGlobals) = postSolution
		SolutionGuid = {88C4A313-F981-4F62-BB59-4CD7B67CE549}
	EndGlobalSection
EndGlobal
